
Microsoft Visual Studio Solution File, Format Version 12.00
# Visual Studio Version 17
VisualStudioVersion = 17.9.34728.123
MinimumVisualStudioVersion = 10.0.40219.1
Project("{8BC9CEB8-8B4A-11D0-8D11-00A0C91BC942}") = "test5-21", "test5-21\test5-21.vcxproj", "{74F4203C-829D-41AD-ABDB-0C3D6179E347}"
EndProject
Global
	GlobalSection(SolutionConfigurationPlatforms) = preSolution
		Debug|x64 = Debug|x64
		Debug|x86 = Debug|x86
		Release|x64 = Release|x64
		Release|x86 = Release|x86
	EndGlobalSection
	GlobalSection(ProjectConfigurationPlatforms) = postSolution
		{74F4203C-829D-41AD-ABDB-0C3D6179E347}.Debug|x64.ActiveCfg = Debug|x64
		{74F4203C-829D-41AD-ABDB-0C3D6179E347}.Debug|x64.Build.0 = Debug|x64
		{74F4203C-829D-41AD-ABDB-0C3D6179E347}.Debug|x86.ActiveCfg = Debug|Win32
		{74F4203C-829D-41AD-ABDB-0C3D6179E347}.Debug|x86.Build.0 = Debug|Win32
		{74F4203C-829D-41AD-ABDB-0C3D6179E347}.Release|x64.ActiveCfg = Release|x64
		{74F4203C-829D-41AD-ABDB-0C3D6179E347}.Release|x64.Build.0 = Release|x64
		{74F4203C-829D-41AD-ABDB-0C3D6179E347}.Release|x86.ActiveCfg = Release|Win32
		{74F4203C-829D-41AD-ABDB-0C3D6179E347}.Release|x86.Build.0 = Release|Win32
	EndGlobalSection
	GlobalSection(SolutionProperties) = preSolution
		HideSolutionNode = FALSE
	EndGlobalSection
	GlobalSection(ExtensibilityGlobals) = postSolution
		SolutionGuid = {7EDBA809-5AD3-405E-AC53-30E061AB24B0}
	EndGlobalSection
EndGlobal
