
Microsoft Visual Studio Solution File, Format Version 12.00
# Visual Studio Version 17
VisualStudioVersion = 17.9.34728.123
MinimumVisualStudioVersion = 10.0.40219.1
Project("{8BC9CEB8-8B4A-11D0-8D11-00A0C91BC942}") = "SnakeIntroductionCode", "SnakeIntroductionCode\SnakeIntroductionCode.vcxproj", "{04D496D9-9DB0-48AE-9A3E-54F01A113733}"
EndProject
Global
	GlobalSection(SolutionConfigurationPlatforms) = preSolution
		Debug|x64 = Debug|x64
		Debug|x86 = Debug|x86
		Release|x64 = Release|x64
		Release|x86 = Release|x86
	EndGlobalSection
	GlobalSection(ProjectConfigurationPlatforms) = postSolution
		{04D496D9-9DB0-48AE-9A3E-54F01A113733}.Debug|x64.ActiveCfg = Debug|x64
		{04D496D9-9DB0-48AE-9A3E-54F01A113733}.Debug|x64.Build.0 = Debug|x64
		{04D496D9-9DB0-48AE-9A3E-54F01A113733}.Debug|x86.ActiveCfg = Debug|Win32
		{04D496D9-9DB0-48AE-9A3E-54F01A113733}.Debug|x86.Build.0 = Debug|Win32
		{04D496D9-9DB0-48AE-9A3E-54F01A113733}.Release|x64.ActiveCfg = Release|x64
		{04D496D9-9DB0-48AE-9A3E-54F01A113733}.Release|x64.Build.0 = Release|x64
		{04D496D9-9DB0-48AE-9A3E-54F01A113733}.Release|x86.ActiveCfg = Release|Win32
		{04D496D9-9DB0-48AE-9A3E-54F01A113733}.Release|x86.Build.0 = Release|Win32
	EndGlobalSection
	GlobalSection(SolutionProperties) = preSolution
		HideSolutionNode = FALSE
	EndGlobalSection
	GlobalSection(ExtensibilityGlobals) = postSolution
		SolutionGuid = {E0FF25C1-2D8A-474F-8E09-A7CD554EB3B1}
	EndGlobalSection
EndGlobal
